// !$*UTF8*$!
{
	archiveVersion = 1;
	classes = {
	};
	objectVersion = 46;
	objects = {

/* Begin PBXBuildFile section */
		BC940455196052DC00024974 /* main.m in Sources */ = {isa = PBXBuildFile; fileRef = BC940454196052DC00024974 /* main.m */; };
		BC940458196052DC00024974 /* AppDelegate.m in Sources */ = {isa = PBXBuildFile; fileRef = BC940457196052DC00024974 /* AppDelegate.m */; };
		BC94045B196052DC00024974 /* ViewController.m in Sources */ = {isa = PBXBuildFile; fileRef = BC94045A196052DC00024974 /* ViewController.m */; };
		BC94045E196052DC00024974 /* Main.storyboard in Resources */ = {isa = PBXBuildFile; fileRef = BC94045C196052DC00024974 /* Main.storyboard */; };
		BC940460196052DC00024974 /* Images.xcassets in Resources */ = {isa = PBXBuildFile; fileRef = BC94045F196052DC00024974 /* Images.xcassets */; };
		BC94046C196052DC00024974 /* XibInStoryboardTests.m in Sources */ = {isa = PBXBuildFile; fileRef = BC94046B196052DC00024974 /* XibInStoryboardTests.m */; };
		BC9404771960536300024974 /* SecondViewController.m in Sources */ = {isa = PBXBuildFile; fileRef = BC9404761960536300024974 /* SecondViewController.m */; };
		BC9404791960537E00024974 /* XibView.xib in Resources */ = {isa = PBXBuildFile; fileRef = BC9404781960537E00024974 /* XibView.xib */; };
		BC94047C196053F800024974 /* XibView.m in Sources */ = {isa = PBXBuildFile; fileRef = BC94047B196053F800024974 /* XibView.m */; };
/* End PBXBuildFile section */

/* Begin PBXContainerItemProxy section */
		BC940466196052DC00024974 /* PBXContainerItemProxy */ = {
			isa = PBXContainerItemProxy;
			containerPortal = BC940447196052DC00024974 /* Project object */;
			proxyType = 1;
			remoteGlobalIDString = BC94044E196052DC00024974;
			remoteInfo = XibInStoryboard;
		};
/* End PBXContainerItemProxy section */

/* Begin PBXFileReference section */
		BC94044F196052DC00024974 /* XibInStoryboard.app */ = {isa = PBXFileReference; explicitFileType = wrapper.application; includeInIndex = 0; path = XibInStoryboard.app; sourceTree = BUILT_PRODUCTS_DIR; };
		BC940453196052DC00024974 /* Info.plist */ = {isa = PBXFileReference; lastKnownFileType = text.plist.xml; path = Info.plist; sourceTree = "<group>"; };
		BC940454196052DC00024974 /* main.m */ = {isa = PBXFileReference; lastKnownFileType = sourcecode.c.objc; path = main.m; sourceTree = "<group>"; };
		BC940456196052DC00024974 /* AppDelegate.h */ = {isa = PBXFileReference; lastKnownFileType = sourcecode.c.h; path = AppDelegate.h; sourceTree = "<group>"; };
		BC940457196052DC00024974 /* AppDelegate.m */ = {isa = PBXFileReference; lastKnownFileType = sourcecode.c.objc; path = AppDelegate.m; sourceTree = "<group>"; };
		BC940459196052DC00024974 /* ViewController.h */ = {isa = PBXFileReference; lastKnownFileType = sourcecode.c.h; path = ViewController.h; sourceTree = "<group>"; };
		BC94045A196052DC00024974 /* ViewController.m */ = {isa = PBXFileReference; lastKnownFileType = sourcecode.c.objc; path = ViewController.m; sourceTree = "<group>"; };
		BC94045D196052DC00024974 /* Base */ = {isa = PBXFileReference; lastKnownFileType = file.storyboard; name = Base; path = Base.lproj/Main.storyboard; sourceTree = "<group>"; };
		BC94045F196052DC00024974 /* Images.xcassets */ = {isa = PBXFileReference; lastKnownFileType = folder.assetcatalog; path = Images.xcassets; sourceTree = "<group>"; };
		BC940465196052DC00024974 /* XibInStoryboardTests.xctest */ = {isa = PBXFileReference; explicitFileType = wrapper.cfbundle; includeInIndex = 0; path = XibInStoryboardTests.xctest; sourceTree = BUILT_PRODUCTS_DIR; };
		BC94046A196052DC00024974 /* Info.plist */ = {isa = PBXFileReference; lastKnownFileType = text.plist.xml; path = Info.plist; sourceTree = "<group>"; };
		BC94046B196052DC00024974 /* XibInStoryboardTests.m */ = {isa = PBXFileReference; lastKnownFileType = sourcecode.c.objc; path = XibInStoryboardTests.m; sourceTree = "<group>"; };
		BC9404751960536300024974 /* SecondViewController.h */ = {isa = PBXFileReference; fileEncoding = 4; lastKnownFileType = sourcecode.c.h; path = SecondViewController.h; sourceTree = "<group>"; };
		BC9404761960536300024974 /* SecondViewController.m */ = {isa = PBXFileReference; fileEncoding = 4; lastKnownFileType = sourcecode.c.objc; path = SecondViewController.m; sourceTree = "<group>"; };
		BC9404781960537E00024974 /* XibView.xib */ = {isa = PBXFileReference; fileEncoding = 4; lastKnownFileType = file.xib; path = XibView.xib; sourceTree = "<group>"; };
		BC94047A196053F800024974 /* XibView.h */ = {isa = PBXFileReference; fileEncoding = 4; lastKnownFileType = sourcecode.c.h; path = XibView.h; sourceTree = "<group>"; };
		BC94047B196053F800024974 /* XibView.m */ = {isa = PBXFileReference; fileEncoding = 4; lastKnownFileType = sourcecode.c.objc; path = XibView.m; sourceTree = "<group>"; };
/* End PBXFileReference section */

/* Begin PBXFrameworksBuildPhase section */
		BC94044C196052DC00024974 /* Frameworks */ = {
			isa = PBXFrameworksBuildPhase;
			buildActionMask = 2147483647;
			files = (
			);
			runOnlyForDeploymentPostprocessing = 0;
		};
		BC940462196052DC00024974 /* Frameworks */ = {
			isa = PBXFrameworksBuildPhase;
			buildActionMask = 2147483647;
			files = (
			);
			runOnlyForDeploymentPostprocessing = 0;
		};
/* End PBXFrameworksBuildPhase section */

/* Begin PBXGroup section */
		BC940446196052DC00024974 = {
			isa = PBXGroup;
			children = (
				BC940451196052DC00024974 /* XibInStoryboard */,
				BC940468196052DC00024974 /* XibInStoryboardTests */,
				BC940450196052DC00024974 /* Products */,
			);
			sourceTree = "<group>";
		};
		BC940450196052DC00024974 /* Products */ = {
			isa = PBXGroup;
			children = (
				BC94044F196052DC00024974 /* XibInStoryboard.app */,
				BC940465196052DC00024974 /* XibInStoryboardTests.xctest */,
			);
			name = Products;
			sourceTree = "<group>";
		};
		BC940451196052DC00024974 /* XibInStoryboard */ = {
			isa = PBXGroup;
			children = (
				BC940456196052DC00024974 /* AppDelegate.h */,
				BC940457196052DC00024974 /* AppDelegate.m */,
				BC940459196052DC00024974 /* ViewController.h */,
				BC94045A196052DC00024974 /* ViewController.m */,
				BC94045C196052DC00024974 /* Main.storyboard */,
				BC94045F196052DC00024974 /* Images.xcassets */,
				BC940452196052DC00024974 /* Supporting Files */,
				BC9404751960536300024974 /* SecondViewController.h */,
				BC9404761960536300024974 /* SecondViewController.m */,
				BC9404781960537E00024974 /* XibView.xib */,
				BC94047A196053F800024974 /* XibView.h */,
				BC94047B196053F800024974 /* XibView.m */,
			);
			path = XibInStoryboard;
			sourceTree = "<group>";
		};
		BC940452196052DC00024974 /* Supporting Files */ = {
			isa = PBXGroup;
			children = (
				BC940453196052DC00024974 /* Info.plist */,
				BC940454196052DC00024974 /* main.m */,
			);
			name = "Supporting Files";
			sourceTree = "<group>";
		};
		BC940468196052DC00024974 /* XibInStoryboardTests */ = {
			isa = PBXGroup;
			children = (
				BC94046B196052DC00024974 /* XibInStoryboardTests.m */,
				BC940469196052DC00024974 /* Supporting Files */,
			);
			path = XibInStoryboardTests;
			sourceTree = "<group>";
		};
		BC940469196052DC00024974 /* Supporting Files */ = {
			isa = PBXGroup;
			children = (
				BC94046A196052DC00024974 /* Info.plist */,
			);
			name = "Supporting Files";
			sourceTree = "<group>";
		};
/* End PBXGroup section */

/* Begin PBXNativeTarget section */
		BC94044E196052DC00024974 /* XibInStoryboard */ = {
			isa = PBXNativeTarget;
			buildConfigurationList = BC94046F196052DC00024974 /* Build configuration list for PBXNativeTarget "XibInStoryboard" */;
			buildPhases = (
				BC94044B196052DC00024974 /* Sources */,
				BC94044C196052DC00024974 /* Frameworks */,
				BC94044D196052DC00024974 /* Resources */,
			);
			buildRules = (
			);
			dependencies = (
			);
			name = XibInStoryboard;
			productName = XibInStoryboard;
			productReference = BC94044F196052DC00024974 /* XibInStoryboard.app */;
			productType = "com.apple.product-type.application";
		};
		BC940464196052DC00024974 /* XibInStoryboardTests */ = {
			isa = PBXNativeTarget;
			buildConfigurationList = BC940472196052DC00024974 /* Build configuration list for PBXNativeTarget "XibInStoryboardTests" */;
			buildPhases = (
				BC940461196052DC00024974 /* Sources */,
				BC940462196052DC00024974 /* Frameworks */,
				BC940463196052DC00024974 /* Resources */,
			);
			buildRules = (
			);
			dependencies = (
				BC940467196052DC00024974 /* PBXTargetDependency */,
			);
			name = XibInStoryboardTests;
			productName = XibInStoryboardTests;
			productReference = BC940465196052DC00024974 /* XibInStoryboardTests.xctest */;
			productType = "com.apple.product-type.bundle.unit-test";
		};
/* End PBXNativeTarget section */

/* Begin PBXProject section */
		BC940447196052DC00024974 /* Project object */ = {
			isa = PBXProject;
			attributes = {
				LastUpgradeCheck = 0600;
				ORGANIZATIONNAME = "matouka-suzuki";
				TargetAttributes = {
					BC94044E196052DC00024974 = {
						CreatedOnToolsVersion = 6.0;
					};
					BC940464196052DC00024974 = {
						CreatedOnToolsVersion = 6.0;
						TestTargetID = BC94044E196052DC00024974;
					};
				};
			};
			buildConfigurationList = BC94044A196052DC00024974 /* Build configuration list for PBXProject "XibInStoryboard" */;
			compatibilityVersion = "Xcode 3.2";
			developmentRegion = English;
			hasScannedForEncodings = 0;
			knownRegions = (
				en,
				Base,
			);
			mainGroup = BC940446196052DC00024974;
			productRefGroup = BC940450196052DC00024974 /* Products */;
			projectDirPath = "";
			projectRoot = "";
			targets = (
				BC94044E196052DC00024974 /* XibInStoryboard */,
				BC940464196052DC00024974 /* XibInStoryboardTests */,
			);
		};
/* End PBXProject section */

/* Begin PBXResourcesBuildPhase section */
		BC94044D196052DC00024974 /* Resources */ = {
			isa = PBXResourcesBuildPhase;
			buildActionMask = 2147483647;
			files = (
				BC94045E196052DC00024974 /* Main.storyboard in Resources */,
				BC9404791960537E00024974 /* XibView.xib in Resources */,
				BC940460196052DC00024974 /* Images.xcassets in Resources */,
			);
			runOnlyForDeploymentPostprocessing = 0;
		};
		BC940463196052DC00024974 /* Resources */ = {
			isa = PBXResourcesBuildPhase;
			buildActionMask = 2147483647;
			files = (
			);
			runOnlyForDeploymentPostprocessing = 0;
		};
/* End PBXResourcesBuildPhase section */

/* Begin PBXSourcesBuildPhase section */
		BC94044B196052DC00024974 /* Sources */ = {
			isa = PBXSourcesBuildPhase;
			buildActionMask = 2147483647;
			files = (
				BC9404771960536300024974 /* SecondViewController.m in Sources */,
				BC94045B196052DC00024974 /* ViewController.m in Sources */,
				BC940458196052DC00024974 /* AppDelegate.m in Sources */,
				BC94047C196053F800024974 /* XibView.m in Sources */,
				BC940455196052DC00024974 /* main.m in Sources */,
			);
			runOnlyForDeploymentPostprocessing = 0;
		};
		BC940461196052DC00024974 /* Sources */ = {
			isa = PBXSourcesBuildPhase;
			buildActionMask = 2147483647;
			files = (
				BC94046C196052DC00024974 /* XibInStoryboardTests.m in Sources */,
			);
			runOnlyForDeploymentPostprocessing = 0;
		};
/* End PBXSourcesBuildPhase section */

/* Begin PBXTargetDependency section */
		BC940467196052DC00024974 /* PBXTargetDependency */ = {
			isa = PBXTargetDependency;
			target = BC94044E196052DC00024974 /* XibInStoryboard */;
			targetProxy = BC940466196052DC00024974 /* PBXContainerItemProxy */;
		};
/* End PBXTargetDependency section */

/* Begin PBXVariantGroup section */
		BC94045C196052DC00024974 /* Main.storyboard */ = {
			isa = PBXVariantGroup;
			children = (
				BC94045D196052DC00024974 /* Base */,
			);
			name = Main.storyboard;
			sourceTree = "<group>";
		};
/* End PBXVariantGroup section */

/* Begin XCBuildConfiguration section */
		BC94046D196052DC00024974 /* Debug */ = {
			isa = XCBuildConfiguration;
			buildSettings = {
				ALWAYS_SEARCH_USER_PATHS = NO;
				CLANG_CXX_LANGUAGE_STANDARD = "gnu++0x";
				CLANG_CXX_LIBRARY = "libc++";
				CLANG_ENABLE_MODULES = YES;
				CLANG_ENABLE_OBJC_ARC = YES;
				CLANG_WARN_BOOL_CONVERSION = YES;
				CLANG_WARN_CONSTANT_CONVERSION = YES;
				CLANG_WARN_DIRECT_OBJC_ISA_USAGE = YES_ERROR;
				CLANG_WARN_EMPTY_BODY = YES;
				CLANG_WARN_ENUM_CONVERSION = YES;
				CLANG_WARN_INT_CONVERSION = YES;
				CLANG_WARN_OBJC_ROOT_CLASS = YES_ERROR;
				CLANG_WARN_UNREACHABLE_CODE = YES;
				CLANG_WARN__DUPLICATE_METHOD_MATCH = YES;
				"CODE_SIGN_IDENTITY[sdk=iphoneos*]" = "iPhone Developer";
				COPY_PHASE_STRIP = NO;
				ENABLE_STRICT_OBJC_MSGSEND = YES;
				GCC_C_LANGUAGE_STANDARD = gnu99;
				GCC_DYNAMIC_NO_PIC = NO;
				GCC_OPTIMIZATION_LEVEL = 0;
				GCC_PREPROCESSOR_DEFINITIONS = (
					"DEBUG=1",
					"$(inherited)",
				);
				GCC_SYMBOLS_PRIVATE_EXTERN = NO;
				GCC_WARN_64_TO_32_BIT_CONVERSION = YES;
				GCC_WARN_ABOUT_RETURN_TYPE = YES_ERROR;
				GCC_WARN_UNDECLARED_SELECTOR = YES;
				GCC_WARN_UNINITIALIZED_AUTOS = YES_AGGRESSIVE;
				GCC_WARN_UNUSED_FUNCTION = YES;
				GCC_WARN_UNUSED_VARIABLE = YES;
				IPHONEOS_DEPLOYMENT_TARGET = 8.0;
				METAL_ENABLE_DEBUG_INFO = YES;
				ONLY_ACTIVE_ARCH = YES;
				SDKROOT = iphoneos;
				TARGETED_DEVICE_FAMILY = "1,2";
			};
			name = Debug;
		};
		BC94046E196052DC00024974 /* Release */ = {
			isa = XCBuildConfiguration;
			buildSettings = {
				ALWAYS_SEARCH_USER_PATHS = NO;
				CLANG_CXX_LANGUAGE_STANDARD = "gnu++0x";
				CLANG_CXX_LIBRARY = "libc++";
				CLANG_ENABLE_MODULES = YES;
				CLANG_ENABLE_OBJC_ARC = YES;
				CLANG_WARN_BOOL_CONVERSION = YES;
				CLANG_WARN_CONSTANT_CONVERSION = YES;
				CLANG_WARN_DIRECT_OBJC_ISA_USAGE = YES_ERROR;
				CLANG_WARN_EMPTY_BODY = YES;
				CLANG_WARN_ENUM_CONVERSION = YES;
				CLANG_WARN_INT_CONVERSION = YES;
				CLANG_WARN_OBJC_ROOT_CLASS = YES_ERROR;
				CLANG_WARN_UNREACHABLE_CODE = YES;
				CLANG_WARN__DUPLICATE_METHOD_MATCH = YES;
				"CODE_SIGN_IDENTITY[sdk=iphoneos*]" = "iPhone Developer";
				COPY_PHASE_STRIP = YES;
				ENABLE_NS_ASSERTIONS = NO;
				ENABLE_STRICT_OBJC_MSGSEND = YES;
				GCC_C_LANGUAGE_STANDARD = gnu99;
				GCC_WARN_64_TO_32_BIT_CONVERSION = YES;
				GCC_WARN_ABOUT_RETURN_TYPE = YES_ERROR;
				GCC_WARN_UNDECLARED_SELECTOR = YES;
				GCC_WARN_UNINITIALIZED_AUTOS = YES_AGGRESSIVE;
				GCC_WARN_UNUSED_FUNCTION = YES;
				GCC_WARN_UNUSED_VARIABLE = YES;
				IPHONEOS_DEPLOYMENT_TARGET = 8.0;
				METAL_ENABLE_DEBUG_INFO = NO;
				SDKROOT = iphoneos;
				TARGETED_DEVICE_FAMILY = "1,2";
				VALIDATE_PRODUCT = YES;
			};
			name = Release;
		};
		BC940470196052DC00024974 /* Debug */ = {
			isa = XCBuildConfiguration;
			buildSettings = {
				ASSETCATALOG_COMPILER_APPICON_NAME = AppIcon;
				ASSETCATALOG_COMPILER_LAUNCHIMAGE_NAME = LaunchImage;
				INFOPLIST_FILE = XibInStoryboard/Info.plist;
				LD_RUNPATH_SEARCH_PATHS = "$(inherited) @executable_path/Frameworks";
				PRODUCT_NAME = "$(TARGET_NAME)";
			};
			name = Debug;
		};
		BC940471196052DC00024974 /* Release */ = {
			isa = XCBuildConfiguration;
			buildSettings = {
				ASSETCATALOG_COMPILER_APPICON_NAME = AppIcon;
				ASSETCATALOG_COMPILER_LAUNCHIMAGE_NAME = LaunchImage;
				INFOPLIST_FILE = XibInStoryboard/Info.plist;
				LD_RUNPATH_SEARCH_PATHS = "$(inherited) @executable_path/Frameworks";
				PRODUCT_NAME = "$(TARGET_NAME)";
			};
			name = Release;
		};
		BC940473196052DC00024974 /* Debug */ = {
			isa = XCBuildConfiguration;
			buildSettings = {
				BUNDLE_LOADER = "$(BUILT_PRODUCTS_DIR)/XibInStoryboard.app/XibInStoryboard";
				FRAMEWORK_SEARCH_PATHS = (
					"$(SDKROOT)/Developer/Library/Frameworks",
					"$(inherited)",
				);
				GCC_PREPROCESSOR_DEFINITIONS = (
					"DEBUG=1",
					"$(inherited)",
				);
				INFOPLIST_FILE = XibInStoryboardTests/Info.plist;
				LD_RUNPATH_SEARCH_PATHS = "$(inherited) @executable_path/Frameworks @loader_path/Frameworks";
				METAL_ENABLE_DEBUG_INFO = YES;
				PRODUCT_NAME = "$(TARGET_NAME)";
				TEST_HOST = "$(BUNDLE_LOADER)";
			};
			name = Debug;
		};
		BC940474196052DC00024974 /* Release */ = {
			isa = XCBuildConfiguration;
			buildSettings = {
				BUNDLE_LOADER = "$(BUILT_PRODUCTS_DIR)/XibInStoryboard.app/XibInStoryboard";
				FRAMEWORK_SEARCH_PATHS = (
					"$(SDKROOT)/Developer/Library/Frameworks",
					"$(inherited)",
				);
				INFOPLIST_FILE = XibInStoryboardTests/Info.plist;
				LD_RUNPATH_SEARCH_PATHS = "$(inherited) @executable_path/Frameworks @loader_path/Frameworks";
				METAL_ENABLE_DEBUG_INFO = NO;
				PRODUCT_NAME = "$(TARGET_NAME)";
				TEST_HOST = "$(BUNDLE_LOADER)";
			};
			name = Release;
		};
/* End XCBuildConfiguration section */

/* Begin XCConfigurationList section */
		BC94044A196052DC00024974 /* Build configuration list for PBXProject "XibInStoryboard" */ = {
			isa = XCConfigurationList;
			buildConfigurations = (
				BC94046D196052DC00024974 /* Debug */,
				BC94046E196052DC00024974 /* Release */,
			);
			defaultConfigurationIsVisible = 0;
			defaultConfigurationName = Release;
		};
		BC94046F196052DC00024974 /* Build configuration list for PBXNativeTarget "XibInStoryboard" */ = {
			isa = XCConfigurationList;
			buildConfigurations = (
				BC940470196052DC00024974 /* Debug */,
				BC940471196052DC00024974 /* Release */,
			);
			defaultConfigurationIsVisible = 0;
		};
		BC940472196052DC00024974 /* Build configuration list for PBXNativeTarget "XibInStoryboardTests" */ = {
			isa = XCConfigurationList;
			buildConfigurations = (
				BC940473196052DC00024974 /* Debug */,
				BC940474196052DC00024974 /* Release */,
			);
			defaultConfigurationIsVisible = 0;
		};
/* End XCConfigurationList section */
	};
	rootObject = BC940447196052DC00024974 /* Project object */;
}
